schema: '2.0'
stages:
  load_data:
    cmd: python -m src.data_loading.load_data
    deps:
    - path: src/data_loading/load_data.py
      hash: md5
      md5: bf8c72e4784ad8fb92f2bce388fef98e
      size: 1513
    outs:
    - path: data/raw/raw.csv
      hash: md5
      md5: e20af498081e2b0b4dd2677ff004d0b0
      size: 116757
  preprocess_data:
    cmd: python -m src.data_preprocessing.preprocess_data
    deps:
    - path: data/raw/raw.csv
      hash: md5
      md5: e20af498081e2b0b4dd2677ff004d0b0
      size: 116757
    - path: src/data_preprocessing/preprocess_data.py
      hash: md5
      md5: 49cc9aa675e58f14c98ff227f6472272
      size: 3991
    params:
      params.yaml:
        preprocess_data.random_seed: 42
        preprocess_data.test_size: 0.2
    outs:
    - path: artifacts/features_mean_imputer.joblib
      hash: md5
      md5: 8cee7ecfa99f10533d87a1472977f0a6
      size: 1511
    - path: data/preprocessed/test_preprocessed.csv
      hash: md5
      md5: 6f7b208098843d87d3920f9f8cbff7a3
      size: 27308
    - path: data/preprocessed/train_preprocessed.csv
      hash: md5
      md5: a3da110cf3fc667a612993c78fcdaa1c
      size: 106005
  engineer_features:
    cmd: python -m src.feature_engineering.engineer_features
    deps:
    - path: data/preprocessed/test_preprocessed.csv
      hash: md5
      md5: 6f7b208098843d87d3920f9f8cbff7a3
      size: 27308
    - path: data/preprocessed/train_preprocessed.csv
      hash: md5
      md5: a3da110cf3fc667a612993c78fcdaa1c
      size: 106005
    - path: src/feature_engineering/engineer_features.py
      hash: md5
      md5: 5a6229c146f66c131e95c2c779fc2c37
      size: 3050
    outs:
    - path: artifacts/features_scaler.joblib
      hash: md5
      md5: f198f2904992bd378c0363036ef309d9
      size: 2135
    - path: data/processed/test_processed.csv
      hash: md5
      md5: 01853b4c51d6d4b05fed00584993071e
      size: 68206
    - path: data/processed/train_processed.csv
      hash: md5
      md5: 44698157ad03ffe66fbd7ade408b1512
      size: 270539
  train:
    cmd: python -m src.model_training.train_model
    deps:
    - path: data/processed/train_processed.csv
      hash: md5
      md5: 44698157ad03ffe66fbd7ade408b1512
      size: 270539
    - path: src/model_training/train_model.py
      hash: md5
      md5: 0df0b0f417ffe2b5441a3b093ee1a5d8
      size: 6425
    params:
      params.yaml:
        train.batch_size: 32
        train.dropout_rate: 0.3
        train.epochs: 100
        train.hidden_layer_1_neurons: 64
        train.hidden_layer_2_neurons: 32
        train.learning_rate: 0.001
        train.random_seed: 42
    outs:
    - path: artifacts/target_one_hot_encoder.joblib
      hash: md5
      md5: 9c68e41a114fdb0985121e8d89f055bc
      size: 617
    - path: metrics/training.json
      hash: md5
      md5: 0c12784f042e19d9b2bc49de5754ee0b
      size: 146
    - path: models/model.keras
      hash: md5
      md5: 9908f4fbe24e9bfa1f3085861e586ea6
      size: 79407
  evaluate:
    cmd: python -m src.model_evaluation.evaluate_model
    deps:
    - path: artifacts/target_one_hot_encoder.joblib
      hash: md5
      md5: 9c68e41a114fdb0985121e8d89f055bc
      size: 617
    - path: data/processed/test_processed.csv
      hash: md5
      md5: 01853b4c51d6d4b05fed00584993071e
      size: 68206
    - path: models/model.keras
      hash: md5
      md5: 9908f4fbe24e9bfa1f3085861e586ea6
      size: 79407
    - path: src/model_evaluation/evaluate_model.py
      hash: md5
      md5: 25be59e43fb2632bfa51d08790fe1caf
      size: 3432
    outs:
    - path: metrics/evaluation.json
      hash: md5
      md5: faebb7010d640732ed0211c4ab559c16
      size: 832
